
Microsoft Visual Studio Solution File, Format Version 12.00
# Visual Studio Version 17
VisualStudioVersion = 17.4.33213.308
MinimumVisualStudioVersion = 10.0.40219.1
Project("{9A19103F-16F7-4668-BE54-9A1E7A4F7556}") = "Sofidy.Unicia.Api", "Sofidy.Unicia.Api\Sofidy.Unicia.Api.csproj", "{BD671F1D-192E-467E-9BF6-8BFC9AE7FB8B}"
EndProject
Project("{9A19103F-16F7-4668-BE54-9A1E7A4F7556}") = "Sofidy.Unicia.Application", "Sofidy.Unicia.Application\Sofidy.Unicia.Application.csproj", "{1FCDDA27-D9B4-47F9-907B-9FEF02E60A08}"
EndProject
Project("{9A19103F-16F7-4668-BE54-9A1E7A4F7556}") = "Sofidy.Unicia.Infrastructure", "Sofidy.Unicia.Infrastructure\Sofidy.Unicia.Infrastructure.csproj", "{042F3BA6-69E8-4C3F-A76F-F178577D76A9}"
EndProject
Project("{9A19103F-16F7-4668-BE54-9A1E7A4F7556}") = "Sofidy.Unicia.Domain", "Sofidy.Unicia.Domain\Sofidy.Unicia.Domain.csproj", "{8F0E58F9-7058-4B1A-9701-46090632FF3F}"
EndProject
Project("{9A19103F-16F7-4668-BE54-9A1E7A4F7556}") = "Sofidy.Unicia.Infrastructure.Persistence", "Sofidy.Unicia.Infrastructure.Persistence\Sofidy.Unicia.Infrastructure.Persistence.csproj", "{49F159E5-E1C4-4665-B25B-520AFBD29BC6}"
EndProject
Project("{9A19103F-16F7-4668-BE54-9A1E7A4F7556}") = "Sofidy.Unicia.Polling.Callback", "Sofidy.Unicia.Polling.Callback\Sofidy.Unicia.Polling.Callback.csproj", "{92E3B859-218C-40FD-B7BA-D8924A04B95A}"
EndProject
Project("{9A19103F-16F7-4668-BE54-9A1E7A4F7556}") = "Sofidy.Unicia.Test", "Sofidy.Unicia.Test\Sofidy.Unicia.Test.csproj", "{C6226D0A-E0E7-4BD2-BFBC-C4920E40DCF8}"
EndProject
Global
	GlobalSection(SolutionConfigurationPlatforms) = preSolution
		Debug|Any CPU = Debug|Any CPU
		Release|Any CPU = Release|Any CPU
	EndGlobalSection
	GlobalSection(ProjectConfigurationPlatforms) = postSolution
		{BD671F1D-192E-467E-9BF6-8BFC9AE7FB8B}.Debug|Any CPU.ActiveCfg = Debug|Any CPU
		{BD671F1D-192E-467E-9BF6-8BFC9AE7FB8B}.Debug|Any CPU.Build.0 = Debug|Any CPU
		{BD671F1D-192E-467E-9BF6-8BFC9AE7FB8B}.Release|Any CPU.ActiveCfg = Release|Any CPU
		{BD671F1D-192E-467E-9BF6-8BFC9AE7FB8B}.Release|Any CPU.Build.0 = Release|Any CPU
		{1FCDDA27-D9B4-47F9-907B-9FEF02E60A08}.Debug|Any CPU.ActiveCfg = Debug|Any CPU
		{1FCDDA27-D9B4-47F9-907B-9FEF02E60A08}.Debug|Any CPU.Build.0 = Debug|Any CPU
		{1FCDDA27-D9B4-47F9-907B-9FEF02E60A08}.Release|Any CPU.ActiveCfg = Release|Any CPU
		{1FCDDA27-D9B4-47F9-907B-9FEF02E60A08}.Release|Any CPU.Build.0 = Release|Any CPU
		{042F3BA6-69E8-4C3F-A76F-F178577D76A9}.Debug|Any CPU.ActiveCfg = Debug|Any CPU
		{042F3BA6-69E8-4C3F-A76F-F178577D76A9}.Debug|Any CPU.Build.0 = Debug|Any CPU
		{042F3BA6-69E8-4C3F-A76F-F178577D76A9}.Release|Any CPU.ActiveCfg = Release|Any CPU
		{042F3BA6-69E8-4C3F-A76F-F178577D76A9}.Release|Any CPU.Build.0 = Release|Any CPU
		{8F0E58F9-7058-4B1A-9701-46090632FF3F}.Debug|Any CPU.ActiveCfg = Debug|Any CPU
		{8F0E58F9-7058-4B1A-9701-46090632FF3F}.Debug|Any CPU.Build.0 = Debug|Any CPU
		{8F0E58F9-7058-4B1A-9701-46090632FF3F}.Release|Any CPU.ActiveCfg = Release|Any CPU
		{8F0E58F9-7058-4B1A-9701-46090632FF3F}.Release|Any CPU.Build.0 = Release|Any CPU
		{49F159E5-E1C4-4665-B25B-520AFBD29BC6}.Debug|Any CPU.ActiveCfg = Debug|Any CPU
		{49F159E5-E1C4-4665-B25B-520AFBD29BC6}.Debug|Any CPU.Build.0 = Debug|Any CPU
		{49F159E5-E1C4-4665-B25B-520AFBD29BC6}.Release|Any CPU.ActiveCfg = Release|Any CPU
		{49F159E5-E1C4-4665-B25B-520AFBD29BC6}.Release|Any CPU.Build.0 = Release|Any CPU
		{92E3B859-218C-40FD-B7BA-D8924A04B95A}.Debug|Any CPU.ActiveCfg = Debug|Any CPU
		{92E3B859-218C-40FD-B7BA-D8924A04B95A}.Debug|Any CPU.Build.0 = Debug|Any CPU
		{92E3B859-218C-40FD-B7BA-D8924A04B95A}.Release|Any CPU.ActiveCfg = Release|Any CPU
		{92E3B859-218C-40FD-B7BA-D8924A04B95A}.Release|Any CPU.Build.0 = Release|Any CPU
		{C6226D0A-E0E7-4BD2-BFBC-C4920E40DCF8}.Debug|Any CPU.ActiveCfg = Debug|Any CPU
		{C6226D0A-E0E7-4BD2-BFBC-C4920E40DCF8}.Debug|Any CPU.Build.0 = Debug|Any CPU
		{C6226D0A-E0E7-4BD2-BFBC-C4920E40DCF8}.Release|Any CPU.ActiveCfg = Release|Any CPU
		{C6226D0A-E0E7-4BD2-BFBC-C4920E40DCF8}.Release|Any CPU.Build.0 = Release|Any CPU
	EndGlobalSection
	GlobalSection(SolutionProperties) = preSolution
		HideSolutionNode = FALSE
	EndGlobalSection
	GlobalSection(ExtensibilityGlobals) = postSolution
		SolutionGuid = {769DFC4C-3ED1-4BE7-9E5B-05895232B359}
	EndGlobalSection
EndGlobal
